
Microsoft Visual Studio Solution File, Format Version 12.00
# Visual Studio Version 18
VisualStudioVersion = 18.2.11408.102 d18.0
MinimumVisualStudioVersion = 10.0.40219.1
Project("{FAE04EC0-301F-11D3-BF4B-00C04F79EFBC}") = "AccountingApp", "AccountingApp\AccountingApp.csproj", "{7A60BE72-333D-4540-8FAB-DD86FC5FB202}"
EndProject
Project("{FAE04EC0-301F-11D3-BF4B-00C04F79EFBC}") = "Bookwise.Test", "Bookwise.Test\Bookwise.Test.csproj", "{DC5FFEC6-1DD4-4E8D-A28F-341385FC377F}"
EndProject
Global
	GlobalSection(SolutionConfigurationPlatforms) = preSolution
		Debug|Any CPU = Debug|Any CPU
		Debug|x64 = Debug|x64
		Debug|x86 = Debug|x86
		Release|Any CPU = Release|Any CPU
		Release|x64 = Release|x64
		Release|x86 = Release|x86
	EndGlobalSection
	GlobalSection(ProjectConfigurationPlatforms) = postSolution
		{7A60BE72-333D-4540-8FAB-DD86FC5FB202}.Debug|Any CPU.ActiveCfg = Debug|Any CPU
		{7A60BE72-333D-4540-8FAB-DD86FC5FB202}.Debug|Any CPU.Build.0 = Debug|Any CPU
		{7A60BE72-333D-4540-8FAB-DD86FC5FB202}.Debug|x64.ActiveCfg = Debug|Any CPU
		{7A60BE72-333D-4540-8FAB-DD86FC5FB202}.Debug|x64.Build.0 = Debug|Any CPU
		{7A60BE72-333D-4540-8FAB-DD86FC5FB202}.Debug|x86.ActiveCfg = Debug|Any CPU
		{7A60BE72-333D-4540-8FAB-DD86FC5FB202}.Debug|x86.Build.0 = Debug|Any CPU
		{7A60BE72-333D-4540-8FAB-DD86FC5FB202}.Release|Any CPU.ActiveCfg = Release|Any CPU
		{7A60BE72-333D-4540-8FAB-DD86FC5FB202}.Release|Any CPU.Build.0 = Release|Any CPU
		{7A60BE72-333D-4540-8FAB-DD86FC5FB202}.Release|x64.ActiveCfg = Release|Any CPU
		{7A60BE72-333D-4540-8FAB-DD86FC5FB202}.Release|x64.Build.0 = Release|Any CPU
		{7A60BE72-333D-4540-8FAB-DD86FC5FB202}.Release|x86.ActiveCfg = Release|Any CPU
		{7A60BE72-333D-4540-8FAB-DD86FC5FB202}.Release|x86.Build.0 = Release|Any CPU
		{DC5FFEC6-1DD4-4E8D-A28F-341385FC377F}.Debug|Any CPU.ActiveCfg = Debug|Any CPU
		{DC5FFEC6-1DD4-4E8D-A28F-341385FC377F}.Debug|Any CPU.Build.0 = Debug|Any CPU
		{DC5FFEC6-1DD4-4E8D-A28F-341385FC377F}.Debug|x64.ActiveCfg = Debug|Any CPU
		{DC5FFEC6-1DD4-4E8D-A28F-341385FC377F}.Debug|x64.Build.0 = Debug|Any CPU
		{DC5FFEC6-1DD4-4E8D-A28F-341385FC377F}.Debug|x86.ActiveCfg = Debug|Any CPU
		{DC5FFEC6-1DD4-4E8D-A28F-341385FC377F}.Debug|x86.Build.0 = Debug|Any CPU
		{DC5FFEC6-1DD4-4E8D-A28F-341385FC377F}.Release|Any CPU.ActiveCfg = Release|Any CPU
		{DC5FFEC6-1DD4-4E8D-A28F-341385FC377F}.Release|Any CPU.Build.0 = Release|Any CPU
		{DC5FFEC6-1DD4-4E8D-A28F-341385FC377F}.Release|x64.ActiveCfg = Release|Any CPU
		{DC5FFEC6-1DD4-4E8D-A28F-341385FC377F}.Release|x64.Build.0 = Release|Any CPU
		{DC5FFEC6-1DD4-4E8D-A28F-341385FC377F}.Release|x86.ActiveCfg = Release|Any CPU
		{DC5FFEC6-1DD4-4E8D-A28F-341385FC377F}.Release|x86.Build.0 = Release|Any CPU
	EndGlobalSection
	GlobalSection(SolutionProperties) = preSolution
		HideSolutionNode = FALSE
	EndGlobalSection
	GlobalSection(ExtensibilityGlobals) = postSolution
		SolutionGuid = {603D3372-C28A-4690-8458-42B7A8F9A05B}
	EndGlobalSection
EndGlobal
